
Microsoft Visual Studio Solution File, Format Version 12.00
# Visual Studio 15
VisualStudioVersion = 15.0.28307.271
MinimumVisualStudioVersion = 10.0.40219.1
Project("{9A19103F-16F7-4668-BE54-9A1E7A4F7556}") = "NorthwindWeb", "NorthwindWeb\NorthwindWeb.csproj", "{7D0827ED-2D62-4D59-AA06-91C1CC95684A}"
EndProject
Project("{9A19103F-16F7-4668-BE54-9A1E7A4F7556}") = "DAL", "DAL\DAL.csproj", "{42EC2254-0C53-417C-9C81-A84F5F9E363B}"
EndProject
Project("{9A19103F-16F7-4668-BE54-9A1E7A4F7556}") = "BLL", "BLL\BLL.csproj", "{82E1B277-3D51-46A1-99F8-93190097B30E}"
EndProject
Project("{9A19103F-16F7-4668-BE54-9A1E7A4F7556}") = "Tests", "Tests\Tests.csproj", "{893ACB34-16A7-4B9B-B4C0-708E33AE3068}"
EndProject
Project("{FAE04EC0-301F-11D3-BF4B-00C04F79EFBC}") = "ConsoleRestClient", "ConsoleRestClient\ConsoleRestClient.csproj", "{4E01D7CE-7811-4B21-A9B0-F3EBBDFCF0BF}"
EndProject
Global
	GlobalSection(SolutionConfigurationPlatforms) = preSolution
		Debug|Any CPU = Debug|Any CPU
		Release|Any CPU = Release|Any CPU
	EndGlobalSection
	GlobalSection(ProjectConfigurationPlatforms) = postSolution
		{7D0827ED-2D62-4D59-AA06-91C1CC95684A}.Debug|Any CPU.ActiveCfg = Debug|Any CPU
		{7D0827ED-2D62-4D59-AA06-91C1CC95684A}.Debug|Any CPU.Build.0 = Debug|Any CPU
		{7D0827ED-2D62-4D59-AA06-91C1CC95684A}.Release|Any CPU.ActiveCfg = Release|Any CPU
		{7D0827ED-2D62-4D59-AA06-91C1CC95684A}.Release|Any CPU.Build.0 = Release|Any CPU
		{42EC2254-0C53-417C-9C81-A84F5F9E363B}.Debug|Any CPU.ActiveCfg = Debug|Any CPU
		{42EC2254-0C53-417C-9C81-A84F5F9E363B}.Debug|Any CPU.Build.0 = Debug|Any CPU
		{42EC2254-0C53-417C-9C81-A84F5F9E363B}.Release|Any CPU.ActiveCfg = Release|Any CPU
		{42EC2254-0C53-417C-9C81-A84F5F9E363B}.Release|Any CPU.Build.0 = Release|Any CPU
		{82E1B277-3D51-46A1-99F8-93190097B30E}.Debug|Any CPU.ActiveCfg = Debug|Any CPU
		{82E1B277-3D51-46A1-99F8-93190097B30E}.Debug|Any CPU.Build.0 = Debug|Any CPU
		{82E1B277-3D51-46A1-99F8-93190097B30E}.Release|Any CPU.ActiveCfg = Release|Any CPU
		{82E1B277-3D51-46A1-99F8-93190097B30E}.Release|Any CPU.Build.0 = Release|Any CPU
		{893ACB34-16A7-4B9B-B4C0-708E33AE3068}.Debug|Any CPU.ActiveCfg = Debug|Any CPU
		{893ACB34-16A7-4B9B-B4C0-708E33AE3068}.Debug|Any CPU.Build.0 = Debug|Any CPU
		{893ACB34-16A7-4B9B-B4C0-708E33AE3068}.Release|Any CPU.ActiveCfg = Release|Any CPU
		{893ACB34-16A7-4B9B-B4C0-708E33AE3068}.Release|Any CPU.Build.0 = Release|Any CPU
		{4E01D7CE-7811-4B21-A9B0-F3EBBDFCF0BF}.Debug|Any CPU.ActiveCfg = Debug|Any CPU
		{4E01D7CE-7811-4B21-A9B0-F3EBBDFCF0BF}.Debug|Any CPU.Build.0 = Debug|Any CPU
		{4E01D7CE-7811-4B21-A9B0-F3EBBDFCF0BF}.Release|Any CPU.ActiveCfg = Release|Any CPU
		{4E01D7CE-7811-4B21-A9B0-F3EBBDFCF0BF}.Release|Any CPU.Build.0 = Release|Any CPU
	EndGlobalSection
	GlobalSection(SolutionProperties) = preSolution
		HideSolutionNode = FALSE
	EndGlobalSection
	GlobalSection(ExtensibilityGlobals) = postSolution
		SolutionGuid = {76CC564F-122F-4658-B288-98FD1C95AAAF}
	EndGlobalSection
EndGlobal
